dependencies:
- name: ui
  repository: file://../ui
  version: 1.0.0
- name: post
  repository: file://../post
  version: 1.0.0
- name: comment
  repository: file://../comment
  version: 1.0.0
- name: simple-mongodb
  repository: https://helm.tyk.io/public/helm/charts/
  version: 0.1.1
digest: sha256:8af94865e8737b8c7781b4f73e3aee0da6e761a519863f9b7e6d6d05dce1b7c1
generated: "2024-06-16T15:09:59.08333592+07:00"
